// !$*UTF8*$!
{
	archiveVersion = 1;
	classes = {
	};
	objectVersion = 46;
	objects = {

/* Begin PBXBuildFile section */
		7A5975CF1B153E1900C7B022 /* BFPaperButton.m in Sources */ = {isa = PBXBuildFile; fileRef = 7A5975CC1B153E1900C7B022 /* BFPaperButton.m */; };
		7A5975D01B153E1900C7B022 /* UIColor+BFPaperColors.m in Sources */ = {isa = PBXBuildFile; fileRef = 7A5975CE1B153E1900C7B022 /* UIColor+BFPaperColors.m */; };
		7A5EACD51B1525D900566C7A /* main.m in Sources */ = {isa = PBXBuildFile; fileRef = 7A5EACD41B1525D900566C7A /* main.m */; };
		7A5EACD81B1525D900566C7A /* AppDelegate.m in Sources */ = {isa = PBXBuildFile; fileRef = 7A5EACD71B1525D900566C7A /* AppDelegate.m */; };
		7A5EACDB1B1525D900566C7A /* ViewController.m in Sources */ = {isa = PBXBuildFile; fileRef = 7A5EACDA1B1525D900566C7A /* ViewController.m */; };
		7A5EACDE1B1525D900566C7A /* Main.storyboard in Resources */ = {isa = PBXBuildFile; fileRef = 7A5EACDC1B1525D900566C7A /* Main.storyboard */; };
		7A5EACE01B1525D900566C7A /* Images.xcassets in Resources */ = {isa = PBXBuildFile; fileRef = 7A5EACDF1B1525D900566C7A /* Images.xcassets */; };
		7A5EACE31B1525D900566C7A /* LaunchScreen.xib in Resources */ = {isa = PBXBuildFile; fileRef = 7A5EACE11B1525D900566C7A /* LaunchScreen.xib */; };
		7A5EACEF1B1525D900566C7A /* MaterialDesignDatePickerTests.m in Sources */ = {isa = PBXBuildFile; fileRef = 7A5EACEE1B1525D900566C7A /* MaterialDesignDatePickerTests.m */; };
		7A5EACFA1B1528A400566C7A /* MDDatePicker.m in Sources */ = {isa = PBXBuildFile; fileRef = 7A5EACF91B1528A400566C7A /* MDDatePicker.m */; };
/* End PBXBuildFile section */

/* Begin PBXContainerItemProxy section */
		7A5EACE91B1525D900566C7A /* PBXContainerItemProxy */ = {
			isa = PBXContainerItemProxy;
			containerPortal = 7A5EACC71B1525D900566C7A /* Project object */;
			proxyType = 1;
			remoteGlobalIDString = 7A5EACCE1B1525D900566C7A;
			remoteInfo = MaterialDesignDatePicker;
		};
/* End PBXContainerItemProxy section */

/* Begin PBXFileReference section */
		7A5975CB1B153E1900C7B022 /* BFPaperButton.h */ = {isa = PBXFileReference; fileEncoding = 4; lastKnownFileType = sourcecode.c.h; path = BFPaperButton.h; sourceTree = "<group>"; };
		7A5975CC1B153E1900C7B022 /* BFPaperButton.m */ = {isa = PBXFileReference; fileEncoding = 4; lastKnownFileType = sourcecode.c.objc; path = BFPaperButton.m; sourceTree = "<group>"; };
		7A5975CD1B153E1900C7B022 /* UIColor+BFPaperColors.h */ = {isa = PBXFileReference; fileEncoding = 4; lastKnownFileType = sourcecode.c.h; path = "UIColor+BFPaperColors.h"; sourceTree = "<group>"; };
		7A5975CE1B153E1900C7B022 /* UIColor+BFPaperColors.m */ = {isa = PBXFileReference; fileEncoding = 4; lastKnownFileType = sourcecode.c.objc; path = "UIColor+BFPaperColors.m"; sourceTree = "<group>"; };
		7A5EACCF1B1525D900566C7A /* MaterialDesignDatePicker.app */ = {isa = PBXFileReference; explicitFileType = wrapper.application; includeInIndex = 0; path = MaterialDesignDatePicker.app; sourceTree = BUILT_PRODUCTS_DIR; };
		7A5EACD31B1525D900566C7A /* Info.plist */ = {isa = PBXFileReference; lastKnownFileType = text.plist.xml; path = Info.plist; sourceTree = "<group>"; };
		7A5EACD41B1525D900566C7A /* main.m */ = {isa = PBXFileReference; lastKnownFileType = sourcecode.c.objc; path = main.m; sourceTree = "<group>"; };
		7A5EACD61B1525D900566C7A /* AppDelegate.h */ = {isa = PBXFileReference; lastKnownFileType = sourcecode.c.h; path = AppDelegate.h; sourceTree = "<group>"; };
		7A5EACD71B1525D900566C7A /* AppDelegate.m */ = {isa = PBXFileReference; lastKnownFileType = sourcecode.c.objc; path = AppDelegate.m; sourceTree = "<group>"; };
		7A5EACD91B1525D900566C7A /* ViewController.h */ = {isa = PBXFileReference; lastKnownFileType = sourcecode.c.h; path = ViewController.h; sourceTree = "<group>"; };
		7A5EACDA1B1525D900566C7A /* ViewController.m */ = {isa = PBXFileReference; lastKnownFileType = sourcecode.c.objc; path = ViewController.m; sourceTree = "<group>"; };
		7A5EACDD1B1525D900566C7A /* Base */ = {isa = PBXFileReference; lastKnownFileType = file.storyboard; name = Base; path = Base.lproj/Main.storyboard; sourceTree = "<group>"; };
		7A5EACDF1B1525D900566C7A /* Images.xcassets */ = {isa = PBXFileReference; lastKnownFileType = folder.assetcatalog; path = Images.xcassets; sourceTree = "<group>"; };
		7A5EACE21B1525D900566C7A /* Base */ = {isa = PBXFileReference; lastKnownFileType = file.xib; name = Base; path = Base.lproj/LaunchScreen.xib; sourceTree = "<group>"; };
		7A5EACE81B1525D900566C7A /* MaterialDesignDatePickerTests.xctest */ = {isa = PBXFileReference; explicitFileType = wrapper.cfbundle; includeInIndex = 0; path = MaterialDesignDatePickerTests.xctest; sourceTree = BUILT_PRODUCTS_DIR; };
		7A5EACED1B1525D900566C7A /* Info.plist */ = {isa = PBXFileReference; lastKnownFileType = text.plist.xml; path = Info.plist; sourceTree = "<group>"; };
		7A5EACEE1B1525D900566C7A /* MaterialDesignDatePickerTests.m */ = {isa = PBXFileReference; lastKnownFileType = sourcecode.c.objc; path = MaterialDesignDatePickerTests.m; sourceTree = "<group>"; };
		7A5EACF81B1528A400566C7A /* MDDatePicker.h */ = {isa = PBXFileReference; fileEncoding = 4; lastKnownFileType = sourcecode.c.h; path = MDDatePicker.h; sourceTree = "<group>"; };
		7A5EACF91B1528A400566C7A /* MDDatePicker.m */ = {isa = PBXFileReference; fileEncoding = 4; lastKnownFileType = sourcecode.c.objc; path = MDDatePicker.m; sourceTree = "<group>"; };
/* End PBXFileReference section */

/* Begin PBXFrameworksBuildPhase section */
		7A5EACCC1B1525D900566C7A /* Frameworks */ = {
			isa = PBXFrameworksBuildPhase;
			buildActionMask = 2147483647;
			files = (
			);
			runOnlyForDeploymentPostprocessing = 0;
		};
		7A5EACE51B1525D900566C7A /* Frameworks */ = {
			isa = PBXFrameworksBuildPhase;
			buildActionMask = 2147483647;
			files = (
			);
			runOnlyForDeploymentPostprocessing = 0;
		};
/* End PBXFrameworksBuildPhase section */

/* Begin PBXGroup section */
		7A5EACC61B1525D900566C7A = {
			isa = PBXGroup;
			children = (
				7A5EACD11B1525D900566C7A /* MaterialDesignDatePicker */,
				7A5EACEB1B1525D900566C7A /* MaterialDesignDatePickerTests */,
				7A5EACD01B1525D900566C7A /* Products */,
			);
			sourceTree = "<group>";
		};
		7A5EACD01B1525D900566C7A /* Products */ = {
			isa = PBXGroup;
			children = (
				7A5EACCF1B1525D900566C7A /* MaterialDesignDatePicker.app */,
				7A5EACE81B1525D900566C7A /* MaterialDesignDatePickerTests.xctest */,
			);
			name = Products;
			sourceTree = "<group>";
		};
		7A5EACD11B1525D900566C7A /* MaterialDesignDatePicker */ = {
			isa = PBXGroup;
			children = (
				7A5EACD61B1525D900566C7A /* AppDelegate.h */,
				7A5EACD71B1525D900566C7A /* AppDelegate.m */,
				7A5EACD91B1525D900566C7A /* ViewController.h */,
				7A5EACDA1B1525D900566C7A /* ViewController.m */,
				7A5EACF81B1528A400566C7A /* MDDatePicker.h */,
				7A5EACF91B1528A400566C7A /* MDDatePicker.m */,
				7A5975CB1B153E1900C7B022 /* BFPaperButton.h */,
				7A5975CC1B153E1900C7B022 /* BFPaperButton.m */,
				7A5975CD1B153E1900C7B022 /* UIColor+BFPaperColors.h */,
				7A5975CE1B153E1900C7B022 /* UIColor+BFPaperColors.m */,
				7A5EACDC1B1525D900566C7A /* Main.storyboard */,
				7A5EACDF1B1525D900566C7A /* Images.xcassets */,
				7A5EACE11B1525D900566C7A /* LaunchScreen.xib */,
				7A5EACD21B1525D900566C7A /* Supporting Files */,
			);
			path = MaterialDesignDatePicker;
			sourceTree = "<group>";
		};
		7A5EACD21B1525D900566C7A /* Supporting Files */ = {
			isa = PBXGroup;
			children = (
				7A5EACD31B1525D900566C7A /* Info.plist */,
				7A5EACD41B1525D900566C7A /* main.m */,
			);
			name = "Supporting Files";
			sourceTree = "<group>";
		};
		7A5EACEB1B1525D900566C7A /* MaterialDesignDatePickerTests */ = {
			isa = PBXGroup;
			children = (
				7A5EACEE1B1525D900566C7A /* MaterialDesignDatePickerTests.m */,
				7A5EACEC1B1525D900566C7A /* Supporting Files */,
			);
			path = MaterialDesignDatePickerTests;
			sourceTree = "<group>";
		};
		7A5EACEC1B1525D900566C7A /* Supporting Files */ = {
			isa = PBXGroup;
			children = (
				7A5EACED1B1525D900566C7A /* Info.plist */,
			);
			name = "Supporting Files";
			sourceTree = "<group>";
		};
/* End PBXGroup section */

/* Begin PBXNativeTarget section */
		7A5EACCE1B1525D900566C7A /* MaterialDesignDatePicker */ = {
			isa = PBXNativeTarget;
			buildConfigurationList = 7A5EACF21B1525D900566C7A /* Build configuration list for PBXNativeTarget "MaterialDesignDatePicker" */;
			buildPhases = (
				7A5EACCB1B1525D900566C7A /* Sources */,
				7A5EACCC1B1525D900566C7A /* Frameworks */,
				7A5EACCD1B1525D900566C7A /* Resources */,
			);
			buildRules = (
			);
			dependencies = (
			);
			name = MaterialDesignDatePicker;
			productName = MaterialDesignDatePicker;
			productReference = 7A5EACCF1B1525D900566C7A /* MaterialDesignDatePicker.app */;
			productType = "com.apple.product-type.application";
		};
		7A5EACE71B1525D900566C7A /* MaterialDesignDatePickerTests */ = {
			isa = PBXNativeTarget;
			buildConfigurationList = 7A5EACF51B1525D900566C7A /* Build configuration list for PBXNativeTarget "MaterialDesignDatePickerTests" */;
			buildPhases = (
				7A5EACE41B1525D900566C7A /* Sources */,
				7A5EACE51B1525D900566C7A /* Frameworks */,
				7A5EACE61B1525D900566C7A /* Resources */,
			);
			buildRules = (
			);
			dependencies = (
				7A5EACEA1B1525D900566C7A /* PBXTargetDependency */,
			);
			name = MaterialDesignDatePickerTests;
			productName = MaterialDesignDatePickerTests;
			productReference = 7A5EACE81B1525D900566C7A /* MaterialDesignDatePickerTests.xctest */;
			productType = "com.apple.product-type.bundle.unit-test";
		};
/* End PBXNativeTarget section */

/* Begin PBXProject section */
		7A5EACC71B1525D900566C7A /* Project object */ = {
			isa = PBXProject;
			attributes = {
				LastUpgradeCheck = 0630;
				ORGANIZATIONNAME = Nobel;
				TargetAttributes = {
					7A5EACCE1B1525D900566C7A = {
						CreatedOnToolsVersion = 6.3.1;
					};
					7A5EACE71B1525D900566C7A = {
						CreatedOnToolsVersion = 6.3.1;
						TestTargetID = 7A5EACCE1B1525D900566C7A;
					};
				};
			};
			buildConfigurationList = 7A5EACCA1B1525D900566C7A /* Build configuration list for PBXProject "MaterialDesignDatePicker" */;
			compatibilityVersion = "Xcode 3.2";
			developmentRegion = English;
			hasScannedForEncodings = 0;
			knownRegions = (
				en,
				Base,
			);
			mainGroup = 7A5EACC61B1525D900566C7A;
			productRefGroup = 7A5EACD01B1525D900566C7A /* Products */;
			projectDirPath = "";
			projectRoot = "";
			targets = (
				7A5EACCE1B1525D900566C7A /* MaterialDesignDatePicker */,
				7A5EACE71B1525D900566C7A /* MaterialDesignDatePickerTests */,
			);
		};
/* End PBXProject section */

/* Begin PBXResourcesBuildPhase section */
		7A5EACCD1B1525D900566C7A /* Resources */ = {
			isa = PBXResourcesBuildPhase;
			buildActionMask = 2147483647;
			files = (
				7A5EACDE1B1525D900566C7A /* Main.storyboard in Resources */,
				7A5EACE31B1525D900566C7A /* LaunchScreen.xib in Resources */,
				7A5EACE01B1525D900566C7A /* Images.xcassets in Resources */,
			);
			runOnlyForDeploymentPostprocessing = 0;
		};
		7A5EACE61B1525D900566C7A /* Resources */ = {
			isa = PBXResourcesBuildPhase;
			buildActionMask = 2147483647;
			files = (
			);
			runOnlyForDeploymentPostprocessing = 0;
		};
/* End PBXResourcesBuildPhase section */

/* Begin PBXSourcesBuildPhase section */
		7A5EACCB1B1525D900566C7A /* Sources */ = {
			isa = PBXSourcesBuildPhase;
			buildActionMask = 2147483647;
			files = (
				7A5975D01B153E1900C7B022 /* UIColor+BFPaperColors.m in Sources */,
				7A5EACDB1B1525D900566C7A /* ViewController.m in Sources */,
				7A5EACD81B1525D900566C7A /* AppDelegate.m in Sources */,
				7A5975CF1B153E1900C7B022 /* BFPaperButton.m in Sources */,
				7A5EACFA1B1528A400566C7A /* MDDatePicker.m in Sources */,
				7A5EACD51B1525D900566C7A /* main.m in Sources */,
			);
			runOnlyForDeploymentPostprocessing = 0;
		};
		7A5EACE41B1525D900566C7A /* Sources */ = {
			isa = PBXSourcesBuildPhase;
			buildActionMask = 2147483647;
			files = (
				7A5EACEF1B1525D900566C7A /* MaterialDesignDatePickerTests.m in Sources */,
			);
			runOnlyForDeploymentPostprocessing = 0;
		};
/* End PBXSourcesBuildPhase section */

/* Begin PBXTargetDependency section */
		7A5EACEA1B1525D900566C7A /* PBXTargetDependency */ = {
			isa = PBXTargetDependency;
			target = 7A5EACCE1B1525D900566C7A /* MaterialDesignDatePicker */;
			targetProxy = 7A5EACE91B1525D900566C7A /* PBXContainerItemProxy */;
		};
/* End PBXTargetDependency section */

/* Begin PBXVariantGroup section */
		7A5EACDC1B1525D900566C7A /* Main.storyboard */ = {
			isa = PBXVariantGroup;
			children = (
				7A5EACDD1B1525D900566C7A /* Base */,
			);
			name = Main.storyboard;
			sourceTree = "<group>";
		};
		7A5EACE11B1525D900566C7A /* LaunchScreen.xib */ = {
			isa = PBXVariantGroup;
			children = (
				7A5EACE21B1525D900566C7A /* Base */,
			);
			name = LaunchScreen.xib;
			sourceTree = "<group>";
		};
/* End PBXVariantGroup section */

/* Begin XCBuildConfiguration section */
		7A5EACF01B1525D900566C7A /* Debug */ = {
			isa = XCBuildConfiguration;
			buildSettings = {
				ALWAYS_SEARCH_USER_PATHS = NO;
				CLANG_CXX_LANGUAGE_STANDARD = "gnu++0x";
				CLANG_CXX_LIBRARY = "libc++";
				CLANG_ENABLE_MODULES = YES;
				CLANG_ENABLE_OBJC_ARC = YES;
				CLANG_WARN_BOOL_CONVERSION = YES;
				CLANG_WARN_CONSTANT_CONVERSION = YES;
				CLANG_WARN_DIRECT_OBJC_ISA_USAGE = YES_ERROR;
				CLANG_WARN_EMPTY_BODY = YES;
				CLANG_WARN_ENUM_CONVERSION = YES;
				CLANG_WARN_INT_CONVERSION = YES;
				CLANG_WARN_OBJC_ROOT_CLASS = YES_ERROR;
				CLANG_WARN_UNREACHABLE_CODE = YES;
				CLANG_WARN__DUPLICATE_METHOD_MATCH = YES;
				"CODE_SIGN_IDENTITY[sdk=iphoneos*]" = "iPhone Developer";
				COPY_PHASE_STRIP = NO;
				DEBUG_INFORMATION_FORMAT = "dwarf-with-dsym";
				ENABLE_STRICT_OBJC_MSGSEND = YES;
				GCC_C_LANGUAGE_STANDARD = gnu99;
				GCC_DYNAMIC_NO_PIC = NO;
				GCC_NO_COMMON_BLOCKS = YES;
				GCC_OPTIMIZATION_LEVEL = 0;
				GCC_PREPROCESSOR_DEFINITIONS = (
					"DEBUG=1",
					"$(inherited)",
				);
				GCC_SYMBOLS_PRIVATE_EXTERN = NO;
				GCC_WARN_64_TO_32_BIT_CONVERSION = YES;
				GCC_WARN_ABOUT_RETURN_TYPE = YES_ERROR;
				GCC_WARN_UNDECLARED_SELECTOR = YES;
				GCC_WARN_UNINITIALIZED_AUTOS = YES_AGGRESSIVE;
				GCC_WARN_UNUSED_FUNCTION = YES;
				GCC_WARN_UNUSED_VARIABLE = YES;
				IPHONEOS_DEPLOYMENT_TARGET = 8.3;
				MTL_ENABLE_DEBUG_INFO = YES;
				ONLY_ACTIVE_ARCH = YES;
				SDKROOT = iphoneos;
				TARGETED_DEVICE_FAMILY = "1,2";
			};
			name = Debug;
		};
		7A5EACF11B1525D900566C7A /* Release */ = {
			isa = XCBuildConfiguration;
			buildSettings = {
				ALWAYS_SEARCH_USER_PATHS = NO;
				CLANG_CXX_LANGUAGE_STANDARD = "gnu++0x";
				CLANG_CXX_LIBRARY = "libc++";
				CLANG_ENABLE_MODULES = YES;
				CLANG_ENABLE_OBJC_ARC = YES;
				CLANG_WARN_BOOL_CONVERSION = YES;
				CLANG_WARN_CONSTANT_CONVERSION = YES;
				CLANG_WARN_DIRECT_OBJC_ISA_USAGE = YES_ERROR;
				CLANG_WARN_EMPTY_BODY = YES;
				CLANG_WARN_ENUM_CONVERSION = YES;
				CLANG_WARN_INT_CONVERSION = YES;
				CLANG_WARN_OBJC_ROOT_CLASS = YES_ERROR;
				CLANG_WARN_UNREACHABLE_CODE = YES;
				CLANG_WARN__DUPLICATE_METHOD_MATCH = YES;
				"CODE_SIGN_IDENTITY[sdk=iphoneos*]" = "iPhone Developer";
				COPY_PHASE_STRIP = NO;
				DEBUG_INFORMATION_FORMAT = "dwarf-with-dsym";
				ENABLE_NS_ASSERTIONS = NO;
				ENABLE_STRICT_OBJC_MSGSEND = YES;
				GCC_C_LANGUAGE_STANDARD = gnu99;
				GCC_NO_COMMON_BLOCKS = YES;
				GCC_WARN_64_TO_32_BIT_CONVERSION = YES;
				GCC_WARN_ABOUT_RETURN_TYPE = YES_ERROR;
				GCC_WARN_UNDECLARED_SELECTOR = YES;
				GCC_WARN_UNINITIALIZED_AUTOS = YES_AGGRESSIVE;
				GCC_WARN_UNUSED_FUNCTION = YES;
				GCC_WARN_UNUSED_VARIABLE = YES;
				IPHONEOS_DEPLOYMENT_TARGET = 8.3;
				MTL_ENABLE_DEBUG_INFO = NO;
				SDKROOT = iphoneos;
				TARGETED_DEVICE_FAMILY = "1,2";
				VALIDATE_PRODUCT = YES;
			};
			name = Release;
		};
		7A5EACF31B1525D900566C7A /* Debug */ = {
			isa = XCBuildConfiguration;
			buildSettings = {
				ASSETCATALOG_COMPILER_APPICON_NAME = AppIcon;
				INFOPLIST_FILE = MaterialDesignDatePicker/Info.plist;
				LD_RUNPATH_SEARCH_PATHS = "$(inherited) @executable_path/Frameworks";
				PRODUCT_NAME = "$(TARGET_NAME)";
			};
			name = Debug;
		};
		7A5EACF41B1525D900566C7A /* Release */ = {
			isa = XCBuildConfiguration;
			buildSettings = {
				ASSETCATALOG_COMPILER_APPICON_NAME = AppIcon;
				INFOPLIST_FILE = MaterialDesignDatePicker/Info.plist;
				LD_RUNPATH_SEARCH_PATHS = "$(inherited) @executable_path/Frameworks";
				PRODUCT_NAME = "$(TARGET_NAME)";
			};
			name = Release;
		};
		7A5EACF61B1525D900566C7A /* Debug */ = {
			isa = XCBuildConfiguration;
			buildSettings = {
				BUNDLE_LOADER = "$(TEST_HOST)";
				FRAMEWORK_SEARCH_PATHS = (
					"$(SDKROOT)/Developer/Library/Frameworks",
					"$(inherited)",
				);
				GCC_PREPROCESSOR_DEFINITIONS = (
					"DEBUG=1",
					"$(inherited)",
				);
				INFOPLIST_FILE = MaterialDesignDatePickerTests/Info.plist;
				LD_RUNPATH_SEARCH_PATHS = "$(inherited) @executable_path/Frameworks @loader_path/Frameworks";
				PRODUCT_NAME = "$(TARGET_NAME)";
				TEST_HOST = "$(BUILT_PRODUCTS_DIR)/MaterialDesignDatePicker.app/MaterialDesignDatePicker";
			};
			name = Debug;
		};
		7A5EACF71B1525D900566C7A /* Release */ = {
			isa = XCBuildConfiguration;
			buildSettings = {
				BUNDLE_LOADER = "$(TEST_HOST)";
				FRAMEWORK_SEARCH_PATHS = (
					"$(SDKROOT)/Developer/Library/Frameworks",
					"$(inherited)",
				);
				INFOPLIST_FILE = MaterialDesignDatePickerTests/Info.plist;
				LD_RUNPATH_SEARCH_PATHS = "$(inherited) @executable_path/Frameworks @loader_path/Frameworks";
				PRODUCT_NAME = "$(TARGET_NAME)";
				TEST_HOST = "$(BUILT_PRODUCTS_DIR)/MaterialDesignDatePicker.app/MaterialDesignDatePicker";
			};
			name = Release;
		};
/* End XCBuildConfiguration section */

/* Begin XCConfigurationList section */
		7A5EACCA1B1525D900566C7A /* Build configuration list for PBXProject "MaterialDesignDatePicker" */ = {
			isa = XCConfigurationList;
			buildConfigurations = (
				7A5EACF01B1525D900566C7A /* Debug */,
				7A5EACF11B1525D900566C7A /* Release */,
			);
			defaultConfigurationIsVisible = 0;
			defaultConfigurationName = Release;
		};
		7A5EACF21B1525D900566C7A /* Build configuration list for PBXNativeTarget "MaterialDesignDatePicker" */ = {
			isa = XCConfigurationList;
			buildConfigurations = (
				7A5EACF31B1525D900566C7A /* Debug */,
				7A5EACF41B1525D900566C7A /* Release */,
			);
			defaultConfigurationIsVisible = 0;
			defaultConfigurationName = Release;
		};
		7A5EACF51B1525D900566C7A /* Build configuration list for PBXNativeTarget "MaterialDesignDatePickerTests" */ = {
			isa = XCConfigurationList;
			buildConfigurations = (
				7A5EACF61B1525D900566C7A /* Debug */,
				7A5EACF71B1525D900566C7A /* Release */,
			);
			defaultConfigurationIsVisible = 0;
			defaultConfigurationName = Release;
		};
/* End XCConfigurationList section */
	};
	rootObject = 7A5EACC71B1525D900566C7A /* Project object */;
}
